
Microsoft Visual Studio Solution File, Format Version 12.00
# Visual Studio Version 18
VisualStudioVersion = 18.6.11822.322
MinimumVisualStudioVersion = 10.0.40219.1
Project("{2150E333-8FDC-42A3-9474-1A3956D46DE8}") = "src", "src", "{CF067A80-FFC4-4177-BD0F-F781B7CAFD03}"
EndProject
Project("{2150E333-8FDC-42A3-9474-1A3956D46DE8}") = "Shared", "Shared", "{3287C5A0-3A02-4537-9796-9A6EF85D5BB8}"
EndProject
Project("{FAE04EC0-301F-11D3-BF4B-00C04F79EFBC}") = "MES.Domain", "src\Shared\MES.Domain\MES.Domain.csproj", "{A786BD91-727B-4EA2-8BC6-70DF14487086}"
EndProject
Project("{FAE04EC0-301F-11D3-BF4B-00C04F79EFBC}") = "MES.Domain.Events", "src\Shared\MES.Domain.Events\MES.Domain.Events.csproj", "{9BDF25F6-7D01-4852-8776-58DB757307D2}"
EndProject
Project("{FAE04EC0-301F-11D3-BF4B-00C04F79EFBC}") = "MES.Contracts", "src\Shared\MES.Contracts\MES.Contracts.csproj", "{773F8532-99CE-48A6-8E46-59D214FEDE64}"
EndProject
Project("{2150E333-8FDC-42A3-9474-1A3956D46DE8}") = "Client", "Client", "{9C6B5EA9-EC61-44B8-A8C5-8860F8521240}"
EndProject
Project("{FAE04EC0-301F-11D3-BF4B-00C04F79EFBC}") = "MES.Infrastructure", "src\Client\MES.Infrastructure\MES.Infrastructure.csproj", "{4FCAE55F-3D99-4A88-A6C9-EA2A0EB261D9}"
EndProject
Project("{FAE04EC0-301F-11D3-BF4B-00C04F79EFBC}") = "MES.Shared", "src\Client\MES.Shared\MES.Shared.csproj", "{97008337-A6FA-4CF9-8612-802920587644}"
EndProject
Project("{FAE04EC0-301F-11D3-BF4B-00C04F79EFBC}") = "MES.Client.Core", "src\Client\MES.Client.Core\MES.Client.Core.csproj", "{08DE35EE-D4C6-4138-9AF1-69DAC1F59159}"
EndProject
Project("{FAE04EC0-301F-11D3-BF4B-00C04F79EFBC}") = "MES.Shell", "src\Client\MES.Shell\MES.Shell.csproj", "{1BF52D53-3F23-43DB-97A9-69D64C167885}"
EndProject
Project("{2150E333-8FDC-42A3-9474-1A3956D46DE8}") = "Themes", "Themes", "{A374BC63-9981-4EB5-82A9-3FCEF3E7AD6A}"
EndProject
Project("{FAE04EC0-301F-11D3-BF4B-00C04F79EFBC}") = "MES.Themes", "src\Client\Themes\MES.Themes\MES.Themes.csproj", "{66990E0C-4891-4DB6-BAA1-A5435C389579}"
EndProject
Project("{2150E333-8FDC-42A3-9474-1A3956D46DE8}") = "Modules", "Modules", "{4BF1AC1F-98DC-4947-9090-4E3014B79C39}"
EndProject
Project("{FAE04EC0-301F-11D3-BF4B-00C04F79EFBC}") = "MES.Modules.Production", "src\Client\Modules\MES.Modules.Production\MES.Modules.Production.csproj", "{E6204243-145F-40C0-BA41-4C91C8E86162}"
EndProject
Project("{FAE04EC0-301F-11D3-BF4B-00C04F79EFBC}") = "MES.Modules.Order", "src\Client\Modules\MES.Modules.Order\MES.Modules.Order.csproj", "{A1B2C3D4-E5F6-7890-ABCD-EF1234567890}"
EndProject
Project("{FAE04EC0-301F-11D3-BF4B-00C04F79EFBC}") = "MES.Modules.Equipment", "src\Client\Modules\MES.Modules.Equipment\MES.Modules.Equipment.csproj", "{2551B5B2-0D4E-41E3-8A29-C3DF19AEDACF}"
EndProject
Project("{2150E333-8FDC-42A3-9474-1A3956D46DE8}") = "Server", "Server", "{4DFFCEF3-833C-4617-A00B-1C1ABC8E2689}"
EndProject
Project("{FAE04EC0-301F-11D3-BF4B-00C04F79EFBC}") = "MES.Api", "src\Server\MES.Api\MES.Api.csproj", "{5BFB776B-D527-47C1-A2DE-621882D0D27B}"
EndProject
Project("{2150E333-8FDC-42A3-9474-1A3956D46DE8}") = "Modules", "Modules", "{3E12EA9D-F35C-48E6-A723-567C2EE640A5}"
EndProject
Project("{FAE04EC0-301F-11D3-BF4B-00C04F79EFBC}") = "MES.Services.Production", "src\Server\Modules\MES.Services.Production\MES.Services.Production.csproj", "{2DAEE306-59C7-41E4-8BAB-2392682DCB83}"
EndProject
Project("{FAE04EC0-301F-11D3-BF4B-00C04F79EFBC}") = "MES.Services.Quality", "src\Server\Modules\MES.Services.Quality\MES.Services.Quality.csproj", "{554DBCD6-F37E-4778-BD7D-B70B25F5335D}"
EndProject
Project("{FAE04EC0-301F-11D3-BF4B-00C04F79EFBC}") = "MES.Services.Equipment", "src\Server\Modules\MES.Services.Equipment\MES.Services.Equipment.csproj", "{45485081-21CC-466E-B569-B16F9664085A}"
EndProject
Project("{2150E333-8FDC-42A3-9474-1A3956D46DE8}") = "Infrastructure", "Infrastructure", "{78F9740D-C558-4DA0-8D90-C5571BE90E35}"
EndProject
Project("{FAE04EC0-301F-11D3-BF4B-00C04F79EFBC}") = "MES.Infrastructure.Persistence", "src\Infrastructure\MES.Infrastructure.Persistence\MES.Infrastructure.Persistence.csproj", "{9D0A742D-59FC-43A7-9B1F-CEEEE230FBD5}"
EndProject
Project("{2150E333-8FDC-42A3-9474-1A3956D46DE8}") = "test", "test", "{22C4A86D-ED52-4017-A0D3-1D9900181361}"
EndProject
Project("{FAE04EC0-301F-11D3-BF4B-00C04F79EFBC}") = "MES.Modules.Production.Tests", "test\MES.Modules.Production.Tests\MES.Modules.Production.Tests.csproj", "{1F9EB12B-A305-47E3-8315-713ECFD73CC1}"
EndProject
Project("{FAE04EC0-301F-11D3-BF4B-00C04F79EFBC}") = "MES.Api.Tests", "test\MES.Api.Tests\MES.Api.Tests.csproj", "{C6D625A5-7101-4F9A-B8B4-3BDFB28925C5}"
EndProject
Project("{FAE04EC0-301F-11D3-BF4B-00C04F79EFBC}") = "MES.Modules.Recipe", "src\Client\Modules\MES.Modules.Recipe\MES.Modules.Recipe.csproj", "{19D633BD-D318-4D63-9B82-9826506B6F59}"
EndProject
Project("{FAE04EC0-301F-11D3-BF4B-00C04F79EFBC}") = "MES.Modules.Quality", "src\Client\Modules\MES.Modules.Quality\MES.Modules.Quality.csproj", "{D56A46AE-63D2-430D-A032-0A7D65DE9061}"
EndProject
Project("{FAE04EC0-301F-11D3-BF4B-00C04F79EFBC}") = "MES.Modules.Warehouse", "src\Client\Modules\MES.Modules.Warehouse\MES.Modules.Warehouse.csproj", "{9874FB75-F386-45AC-876A-FF323668FB9F}"
EndProject
Project("{FAE04EC0-301F-11D3-BF4B-00C04F79EFBC}") = "MES.Modules.Schedule", "src\Client\Modules\MES.Modules.Schedule\MES.Modules.Schedule.csproj", "{4AE31568-AE10-4A33-9EEE-876FC6DFF047}"
EndProject
Project("{FAE04EC0-301F-11D3-BF4B-00C04F79EFBC}") = "MES.Modules.Alarm", "src\Client\Modules\MES.Modules.Alarm\MES.Modules.Alarm.csproj", "{BFDB0BE7-A622-451E-9524-8CA5982E945C}"
EndProject
Project("{FAE04EC0-301F-11D3-BF4B-00C04F79EFBC}") = "MES.Modules.Trace", "src\Client\Modules\MES.Modules.Trace\MES.Modules.Trace.csproj", "{0598CA0D-89BB-47D7-9430-27B7949A24DC}"
EndProject
Project("{FAE04EC0-301F-11D3-BF4B-00C04F79EFBC}") = "MES.Modules.Yield", "src\Client\Modules\MES.Modules.Yield\MES.Modules.Yield.csproj", "{9D89BD65-1799-4EDE-84DF-6B5A9AE1D10F}"
EndProject
Project("{FAE04EC0-301F-11D3-BF4B-00C04F79EFBC}") = "MES.Modules.EHS", "src\Client\Modules\MES.Modules.EHS\MES.Modules.EHS.csproj", "{060501D7-FB1C-496D-9F3E-D1F850A52590}"
EndProject
Project("{FAE04EC0-301F-11D3-BF4B-00C04F79EFBC}") = "MES.Modules.Execute", "src\Client\Modules\MES.Modules.Execute\MES.Modules.Execute.csproj", "{B1FB99D5-591D-4DA9-A26A-A1A31F6960F4}"
EndProject
Project("{FAE04EC0-301F-11D3-BF4B-00C04F79EFBC}") = "MES.Modules.Lot", "src\Client\Modules\MES.Modules.Lot\MES.Modules.Lot.csproj", "{3C8C5F6F-13CC-4620-B42E-2963F4137966}"
EndProject
Project("{FAE04EC0-301F-11D3-BF4B-00C04F79EFBC}") = "MES.Modules.MasterData", "src\Client\Modules\MES.Modules.MasterData\MES.Modules.MasterData.csproj", "{E732C21B-0298-476C-81D3-9C949DF3AB76}"
EndProject
Project("{FAE04EC0-301F-11D3-BF4B-00C04F79EFBC}") = "MES.Modules.CustomerComplaint", "src\Client\Modules\MES.Modules.CustomerComplaint\MES.Modules.CustomerComplaint.csproj", "{7CFE1DD0-4095-4A6F-8F48-F2835A601E2C}"
EndProject
Project("{FAE04EC0-301F-11D3-BF4B-00C04F79EFBC}") = "MES.Modules.EngineeringChange", "src\Client\Modules\MES.Modules.EngineeringChange\MES.Modules.EngineeringChange.csproj", "{552CEFB6-F137-447F-BC86-2DC3D0544D3C}"
EndProject
Project("{FAE04EC0-301F-11D3-BF4B-00C04F79EFBC}") = "MES.Modules.ReportCenter", "src\Client\Modules\MES.Modules.ReportCenter\MES.Modules.ReportCenter.csproj", "{21DA664D-D897-46AE-B2B9-0295A302BB04}"
EndProject
Project("{FAE04EC0-301F-11D3-BF4B-00C04F79EFBC}") = "MES.Services.ProcessControl.Tests", "test\MES.Services.ProcessControl.Tests\MES.Services.ProcessControl.Tests.csproj", "{A8692C48-F9B9-4519-AB82-651136396985}"
EndProject
Project("{FAE04EC0-301F-11D3-BF4B-00C04F79EFBC}") = "MES.Services.ProcessControl", "src\Server\Modules\MES.Services.ProcessControl\MES.Services.ProcessControl.csproj", "{9034659C-1EFE-427E-A6CC-3E69E88EE675}"
EndProject
Project("{FAE04EC0-301F-11D3-BF4B-00C04F79EFBC}") = "MES.Services.Analytics.Tests", "test\MES.Services.Analytics.Tests\MES.Services.Analytics.Tests.csproj", "{8B51C781-7C93-4641-B235-CDA89F73524C}"
EndProject
Project("{FAE04EC0-301F-11D3-BF4B-00C04F79EFBC}") = "MES.Services.Analytics", "src\Server\Modules\MES.Services.Analytics\MES.Services.Analytics.csproj", "{B8F178D8-48D8-4CA7-830E-7712F49BE859}"
EndProject
Global
	GlobalSection(SolutionConfigurationPlatforms) = preSolution
		Debug|Any CPU = Debug|Any CPU
		Debug|x64 = Debug|x64
		Debug|x86 = Debug|x86
		Release|Any CPU = Release|Any CPU
		Release|x64 = Release|x64
		Release|x86 = Release|x86
	EndGlobalSection
	GlobalSection(ProjectConfigurationPlatforms) = postSolution
		{A786BD91-727B-4EA2-8BC6-70DF14487086}.Debug|Any CPU.ActiveCfg = Debug|Any CPU
		{A786BD91-727B-4EA2-8BC6-70DF14487086}.Debug|Any CPU.Build.0 = Debug|Any CPU
		{A786BD91-727B-4EA2-8BC6-70DF14487086}.Debug|x64.ActiveCfg = Debug|Any CPU
		{A786BD91-727B-4EA2-8BC6-70DF14487086}.Debug|x64.Build.0 = Debug|Any CPU
		{A786BD91-727B-4EA2-8BC6-70DF14487086}.Debug|x86.ActiveCfg = Debug|Any CPU
		{A786BD91-727B-4EA2-8BC6-70DF14487086}.Debug|x86.Build.0 = Debug|Any CPU
		{A786BD91-727B-4EA2-8BC6-70DF14487086}.Release|Any CPU.ActiveCfg = Release|Any CPU
		{A786BD91-727B-4EA2-8BC6-70DF14487086}.Release|Any CPU.Build.0 = Release|Any CPU
		{A786BD91-727B-4EA2-8BC6-70DF14487086}.Release|x64.ActiveCfg = Release|Any CPU
		{A786BD91-727B-4EA2-8BC6-70DF14487086}.Release|x64.Build.0 = Release|Any CPU
		{A786BD91-727B-4EA2-8BC6-70DF14487086}.Release|x86.ActiveCfg = Release|Any CPU
		{A786BD91-727B-4EA2-8BC6-70DF14487086}.Release|x86.Build.0 = Release|Any CPU
		{9BDF25F6-7D01-4852-8776-58DB757307D2}.Debug|Any CPU.ActiveCfg = Debug|Any CPU
		{9BDF25F6-7D01-4852-8776-58DB757307D2}.Debug|Any CPU.Build.0 = Debug|Any CPU
		{9BDF25F6-7D01-4852-8776-58DB757307D2}.Debug|x64.ActiveCfg = Debug|Any CPU
		{9BDF25F6-7D01-4852-8776-58DB757307D2}.Debug|x64.Build.0 = Debug|Any CPU
		{9BDF25F6-7D01-4852-8776-58DB757307D2}.Debug|x86.ActiveCfg = Debug|Any CPU
		{9BDF25F6-7D01-4852-8776-58DB757307D2}.Debug|x86.Build.0 = Debug|Any CPU
		{9BDF25F6-7D01-4852-8776-58DB757307D2}.Release|Any CPU.ActiveCfg = Release|Any CPU
		{9BDF25F6-7D01-4852-8776-58DB757307D2}.Release|Any CPU.Build.0 = Release|Any CPU
		{9BDF25F6-7D01-4852-8776-58DB757307D2}.Release|x64.ActiveCfg = Release|Any CPU
		{9BDF25F6-7D01-4852-8776-58DB757307D2}.Release|x64.Build.0 = Release|Any CPU
		{9BDF25F6-7D01-4852-8776-58DB757307D2}.Release|x86.ActiveCfg = Release|Any CPU
		{9BDF25F6-7D01-4852-8776-58DB757307D2}.Release|x86.Build.0 = Release|Any CPU
		{773F8532-99CE-48A6-8E46-59D214FEDE64}.Debug|Any CPU.ActiveCfg = Debug|Any CPU
		{773F8532-99CE-48A6-8E46-59D214FEDE64}.Debug|Any CPU.Build.0 = Debug|Any CPU
		{773F8532-99CE-48A6-8E46-59D214FEDE64}.Debug|x64.ActiveCfg = Debug|Any CPU
		{773F8532-99CE-48A6-8E46-59D214FEDE64}.Debug|x64.Build.0 = Debug|Any CPU
		{773F8532-99CE-48A6-8E46-59D214FEDE64}.Debug|x86.ActiveCfg = Debug|Any CPU
		{773F8532-99CE-48A6-8E46-59D214FEDE64}.Debug|x86.Build.0 = Debug|Any CPU
		{773F8532-99CE-48A6-8E46-59D214FEDE64}.Release|Any CPU.ActiveCfg = Release|Any CPU
		{773F8532-99CE-48A6-8E46-59D214FEDE64}.Release|Any CPU.Build.0 = Release|Any CPU
		{773F8532-99CE-48A6-8E46-59D214FEDE64}.Release|x64.ActiveCfg = Release|Any CPU
		{773F8532-99CE-48A6-8E46-59D214FEDE64}.Release|x64.Build.0 = Release|Any CPU
		{773F8532-99CE-48A6-8E46-59D214FEDE64}.Release|x86.ActiveCfg = Release|Any CPU
		{773F8532-99CE-48A6-8E46-59D214FEDE64}.Release|x86.Build.0 = Release|Any CPU
		{4FCAE55F-3D99-4A88-A6C9-EA2A0EB261D9}.Debug|Any CPU.ActiveCfg = Debug|Any CPU
		{4FCAE55F-3D99-4A88-A6C9-EA2A0EB261D9}.Debug|Any CPU.Build.0 = Debug|Any CPU
		{4FCAE55F-3D99-4A88-A6C9-EA2A0EB261D9}.Debug|x64.ActiveCfg = Debug|Any CPU
		{4FCAE55F-3D99-4A88-A6C9-EA2A0EB261D9}.Debug|x64.Build.0 = Debug|Any CPU
		{4FCAE55F-3D99-4A88-A6C9-EA2A0EB261D9}.Debug|x86.ActiveCfg = Debug|Any CPU
		{4FCAE55F-3D99-4A88-A6C9-EA2A0EB261D9}.Debug|x86.Build.0 = Debug|Any CPU
		{4FCAE55F-3D99-4A88-A6C9-EA2A0EB261D9}.Release|Any CPU.ActiveCfg = Release|Any CPU
		{4FCAE55F-3D99-4A88-A6C9-EA2A0EB261D9}.Release|Any CPU.Build.0 = Release|Any CPU
		{4FCAE55F-3D99-4A88-A6C9-EA2A0EB261D9}.Release|x64.ActiveCfg = Release|Any CPU
		{4FCAE55F-3D99-4A88-A6C9-EA2A0EB261D9}.Release|x64.Build.0 = Release|Any CPU
		{4FCAE55F-3D99-4A88-A6C9-EA2A0EB261D9}.Release|x86.ActiveCfg = Release|Any CPU
		{4FCAE55F-3D99-4A88-A6C9-EA2A0EB261D9}.Release|x86.Build.0 = Release|Any CPU
		{97008337-A6FA-4CF9-8612-802920587644}.Debug|Any CPU.ActiveCfg = Debug|Any CPU
		{97008337-A6FA-4CF9-8612-802920587644}.Debug|Any CPU.Build.0 = Debug|Any CPU
		{97008337-A6FA-4CF9-8612-802920587644}.Debug|x64.ActiveCfg = Debug|Any CPU
		{97008337-A6FA-4CF9-8612-802920587644}.Debug|x64.Build.0 = Debug|Any CPU
		{97008337-A6FA-4CF9-8612-802920587644}.Debug|x86.ActiveCfg = Debug|Any CPU
		{97008337-A6FA-4CF9-8612-802920587644}.Debug|x86.Build.0 = Debug|Any CPU
		{97008337-A6FA-4CF9-8612-802920587644}.Release|Any CPU.ActiveCfg = Release|Any CPU
		{97008337-A6FA-4CF9-8612-802920587644}.Release|Any CPU.Build.0 = Release|Any CPU
		{97008337-A6FA-4CF9-8612-802920587644}.Release|x64.ActiveCfg = Release|Any CPU
		{97008337-A6FA-4CF9-8612-802920587644}.Release|x64.Build.0 = Release|Any CPU
		{97008337-A6FA-4CF9-8612-802920587644}.Release|x86.ActiveCfg = Release|Any CPU
		{97008337-A6FA-4CF9-8612-802920587644}.Release|x86.Build.0 = Release|Any CPU
		{08DE35EE-D4C6-4138-9AF1-69DAC1F59159}.Debug|Any CPU.ActiveCfg = Debug|Any CPU
		{08DE35EE-D4C6-4138-9AF1-69DAC1F59159}.Debug|Any CPU.Build.0 = Debug|Any CPU
		{08DE35EE-D4C6-4138-9AF1-69DAC1F59159}.Debug|x64.ActiveCfg = Debug|Any CPU
		{08DE35EE-D4C6-4138-9AF1-69DAC1F59159}.Debug|x64.Build.0 = Debug|Any CPU
		{08DE35EE-D4C6-4138-9AF1-69DAC1F59159}.Debug|x86.ActiveCfg = Debug|Any CPU
		{08DE35EE-D4C6-4138-9AF1-69DAC1F59159}.Debug|x86.Build.0 = Debug|Any CPU
		{08DE35EE-D4C6-4138-9AF1-69DAC1F59159}.Release|Any CPU.ActiveCfg = Release|Any CPU
		{08DE35EE-D4C6-4138-9AF1-69DAC1F59159}.Release|Any CPU.Build.0 = Release|Any CPU
		{08DE35EE-D4C6-4138-9AF1-69DAC1F59159}.Release|x64.ActiveCfg = Release|Any CPU
		{08DE35EE-D4C6-4138-9AF1-69DAC1F59159}.Release|x64.Build.0 = Release|Any CPU
		{08DE35EE-D4C6-4138-9AF1-69DAC1F59159}.Release|x86.ActiveCfg = Release|Any CPU
		{08DE35EE-D4C6-4138-9AF1-69DAC1F59159}.Release|x86.Build.0 = Release|Any CPU
		{1BF52D53-3F23-43DB-97A9-69D64C167885}.Debug|Any CPU.ActiveCfg = Debug|Any CPU
		{1BF52D53-3F23-43DB-97A9-69D64C167885}.Debug|Any CPU.Build.0 = Debug|Any CPU
		{1BF52D53-3F23-43DB-97A9-69D64C167885}.Debug|x64.ActiveCfg = Debug|Any CPU
		{1BF52D53-3F23-43DB-97A9-69D64C167885}.Debug|x64.Build.0 = Debug|Any CPU
		{1BF52D53-3F23-43DB-97A9-69D64C167885}.Debug|x86.ActiveCfg = Debug|Any CPU
		{1BF52D53-3F23-43DB-97A9-69D64C167885}.Debug|x86.Build.0 = Debug|Any CPU
		{1BF52D53-3F23-43DB-97A9-69D64C167885}.Release|Any CPU.ActiveCfg = Release|Any CPU
		{1BF52D53-3F23-43DB-97A9-69D64C167885}.Release|Any CPU.Build.0 = Release|Any CPU
		{1BF52D53-3F23-43DB-97A9-69D64C167885}.Release|x64.ActiveCfg = Release|Any CPU
		{1BF52D53-3F23-43DB-97A9-69D64C167885}.Release|x64.Build.0 = Release|Any CPU
		{1BF52D53-3F23-43DB-97A9-69D64C167885}.Release|x86.ActiveCfg = Release|Any CPU
		{1BF52D53-3F23-43DB-97A9-69D64C167885}.Release|x86.Build.0 = Release|Any CPU
		{66990E0C-4891-4DB6-BAA1-A5435C389579}.Debug|Any CPU.ActiveCfg = Debug|Any CPU
		{66990E0C-4891-4DB6-BAA1-A5435C389579}.Debug|Any CPU.Build.0 = Debug|Any CPU
		{66990E0C-4891-4DB6-BAA1-A5435C389579}.Debug|x64.ActiveCfg = Debug|Any CPU
		{66990E0C-4891-4DB6-BAA1-A5435C389579}.Debug|x64.Build.0 = Debug|Any CPU
		{66990E0C-4891-4DB6-BAA1-A5435C389579}.Debug|x86.ActiveCfg = Debug|Any CPU
		{66990E0C-4891-4DB6-BAA1-A5435C389579}.Debug|x86.Build.0 = Debug|Any CPU
		{66990E0C-4891-4DB6-BAA1-A5435C389579}.Release|Any CPU.ActiveCfg = Release|Any CPU
		{66990E0C-4891-4DB6-BAA1-A5435C389579}.Release|Any CPU.Build.0 = Release|Any CPU
		{66990E0C-4891-4DB6-BAA1-A5435C389579}.Release|x64.ActiveCfg = Release|Any CPU
		{66990E0C-4891-4DB6-BAA1-A5435C389579}.Release|x64.Build.0 = Release|Any CPU
		{66990E0C-4891-4DB6-BAA1-A5435C389579}.Release|x86.ActiveCfg = Release|Any CPU
		{66990E0C-4891-4DB6-BAA1-A5435C389579}.Release|x86.Build.0 = Release|Any CPU
		{E6204243-145F-40C0-BA41-4C91C8E86162}.Debug|Any CPU.ActiveCfg = Debug|Any CPU
		{E6204243-145F-40C0-BA41-4C91C8E86162}.Debug|Any CPU.Build.0 = Debug|Any CPU
		{E6204243-145F-40C0-BA41-4C91C8E86162}.Debug|x64.ActiveCfg = Debug|Any CPU
		{E6204243-145F-40C0-BA41-4C91C8E86162}.Debug|x64.Build.0 = Debug|Any CPU
		{E6204243-145F-40C0-BA41-4C91C8E86162}.Debug|x86.ActiveCfg = Debug|Any CPU
		{E6204243-145F-40C0-BA41-4C91C8E86162}.Debug|x86.Build.0 = Debug|Any CPU
		{E6204243-145F-40C0-BA41-4C91C8E86162}.Release|Any CPU.ActiveCfg = Release|Any CPU
		{E6204243-145F-40C0-BA41-4C91C8E86162}.Release|Any CPU.Build.0 = Release|Any CPU
		{E6204243-145F-40C0-BA41-4C91C8E86162}.Release|x64.ActiveCfg = Release|Any CPU
		{E6204243-145F-40C0-BA41-4C91C8E86162}.Release|x64.Build.0 = Release|Any CPU
		{E6204243-145F-40C0-BA41-4C91C8E86162}.Release|x86.ActiveCfg = Release|Any CPU
		{E6204243-145F-40C0-BA41-4C91C8E86162}.Release|x86.Build.0 = Release|Any CPU
		{A1B2C3D4-E5F6-7890-ABCD-EF1234567890}.Debug|Any CPU.ActiveCfg = Debug|Any CPU
		{A1B2C3D4-E5F6-7890-ABCD-EF1234567890}.Debug|Any CPU.Build.0 = Debug|Any CPU
		{A1B2C3D4-E5F6-7890-ABCD-EF1234567890}.Debug|x64.ActiveCfg = Debug|Any CPU
		{A1B2C3D4-E5F6-7890-ABCD-EF1234567890}.Debug|x64.Build.0 = Debug|Any CPU
		{A1B2C3D4-E5F6-7890-ABCD-EF1234567890}.Debug|x86.ActiveCfg = Debug|Any CPU
		{A1B2C3D4-E5F6-7890-ABCD-EF1234567890}.Debug|x86.Build.0 = Debug|Any CPU
		{A1B2C3D4-E5F6-7890-ABCD-EF1234567890}.Release|Any CPU.ActiveCfg = Release|Any CPU
		{A1B2C3D4-E5F6-7890-ABCD-EF1234567890}.Release|Any CPU.Build.0 = Release|Any CPU
		{A1B2C3D4-E5F6-7890-ABCD-EF1234567890}.Release|x64.ActiveCfg = Release|Any CPU
		{A1B2C3D4-E5F6-7890-ABCD-EF1234567890}.Release|x64.Build.0 = Release|Any CPU
		{A1B2C3D4-E5F6-7890-ABCD-EF1234567890}.Release|x86.ActiveCfg = Release|Any CPU
		{A1B2C3D4-E5F6-7890-ABCD-EF1234567890}.Release|x86.Build.0 = Release|Any CPU
		{2551B5B2-0D4E-41E3-8A29-C3DF19AEDACF}.Debug|Any CPU.ActiveCfg = Debug|Any CPU
		{2551B5B2-0D4E-41E3-8A29-C3DF19AEDACF}.Debug|Any CPU.Build.0 = Debug|Any CPU
		{2551B5B2-0D4E-41E3-8A29-C3DF19AEDACF}.Debug|x64.ActiveCfg = Debug|Any CPU
		{2551B5B2-0D4E-41E3-8A29-C3DF19AEDACF}.Debug|x64.Build.0 = Debug|Any CPU
		{2551B5B2-0D4E-41E3-8A29-C3DF19AEDACF}.Debug|x86.ActiveCfg = Debug|Any CPU
		{2551B5B2-0D4E-41E3-8A29-C3DF19AEDACF}.Debug|x86.Build.0 = Debug|Any CPU
		{2551B5B2-0D4E-41E3-8A29-C3DF19AEDACF}.Release|Any CPU.ActiveCfg = Release|Any CPU
		{2551B5B2-0D4E-41E3-8A29-C3DF19AEDACF}.Release|Any CPU.Build.0 = Release|Any CPU
		{2551B5B2-0D4E-41E3-8A29-C3DF19AEDACF}.Release|x64.ActiveCfg = Release|Any CPU
		{2551B5B2-0D4E-41E3-8A29-C3DF19AEDACF}.Release|x64.Build.0 = Release|Any CPU
		{2551B5B2-0D4E-41E3-8A29-C3DF19AEDACF}.Release|x86.ActiveCfg = Release|Any CPU
		{2551B5B2-0D4E-41E3-8A29-C3DF19AEDACF}.Release|x86.Build.0 = Release|Any CPU
		{5BFB776B-D527-47C1-A2DE-621882D0D27B}.Debug|Any CPU.ActiveCfg = Debug|Any CPU
		{5BFB776B-D527-47C1-A2DE-621882D0D27B}.Debug|Any CPU.Build.0 = Debug|Any CPU
		{5BFB776B-D527-47C1-A2DE-621882D0D27B}.Debug|x64.ActiveCfg = Debug|Any CPU
		{5BFB776B-D527-47C1-A2DE-621882D0D27B}.Debug|x64.Build.0 = Debug|Any CPU
		{5BFB776B-D527-47C1-A2DE-621882D0D27B}.Debug|x86.ActiveCfg = Debug|Any CPU
		{5BFB776B-D527-47C1-A2DE-621882D0D27B}.Debug|x86.Build.0 = Debug|Any CPU
		{5BFB776B-D527-47C1-A2DE-621882D0D27B}.Release|Any CPU.ActiveCfg = Release|Any CPU
		{5BFB776B-D527-47C1-A2DE-621882D0D27B}.Release|Any CPU.Build.0 = Release|Any CPU
		{5BFB776B-D527-47C1-A2DE-621882D0D27B}.Release|x64.ActiveCfg = Release|Any CPU
		{5BFB776B-D527-47C1-A2DE-621882D0D27B}.Release|x64.Build.0 = Release|Any CPU
		{5BFB776B-D527-47C1-A2DE-621882D0D27B}.Release|x86.ActiveCfg = Release|Any CPU
		{5BFB776B-D527-47C1-A2DE-621882D0D27B}.Release|x86.Build.0 = Release|Any CPU
		{2DAEE306-59C7-41E4-8BAB-2392682DCB83}.Debug|Any CPU.ActiveCfg = Debug|Any CPU
		{2DAEE306-59C7-41E4-8BAB-2392682DCB83}.Debug|Any CPU.Build.0 = Debug|Any CPU
		{2DAEE306-59C7-41E4-8BAB-2392682DCB83}.Debug|x64.ActiveCfg = Debug|Any CPU
		{2DAEE306-59C7-41E4-8BAB-2392682DCB83}.Debug|x64.Build.0 = Debug|Any CPU
		{2DAEE306-59C7-41E4-8BAB-2392682DCB83}.Debug|x86.ActiveCfg = Debug|Any CPU
		{2DAEE306-59C7-41E4-8BAB-2392682DCB83}.Debug|x86.Build.0 = Debug|Any CPU
		{2DAEE306-59C7-41E4-8BAB-2392682DCB83}.Release|Any CPU.ActiveCfg = Release|Any CPU
		{2DAEE306-59C7-41E4-8BAB-2392682DCB83}.Release|Any CPU.Build.0 = Release|Any CPU
		{2DAEE306-59C7-41E4-8BAB-2392682DCB83}.Release|x64.ActiveCfg = Release|Any CPU
		{2DAEE306-59C7-41E4-8BAB-2392682DCB83}.Release|x64.Build.0 = Release|Any CPU
		{2DAEE306-59C7-41E4-8BAB-2392682DCB83}.Release|x86.ActiveCfg = Release|Any CPU
		{2DAEE306-59C7-41E4-8BAB-2392682DCB83}.Release|x86.Build.0 = Release|Any CPU
		{554DBCD6-F37E-4778-BD7D-B70B25F5335D}.Debug|Any CPU.ActiveCfg = Debug|Any CPU
		{554DBCD6-F37E-4778-BD7D-B70B25F5335D}.Debug|Any CPU.Build.0 = Debug|Any CPU
		{554DBCD6-F37E-4778-BD7D-B70B25F5335D}.Debug|x64.ActiveCfg = Debug|Any CPU
		{554DBCD6-F37E-4778-BD7D-B70B25F5335D}.Debug|x64.Build.0 = Debug|Any CPU
		{554DBCD6-F37E-4778-BD7D-B70B25F5335D}.Debug|x86.ActiveCfg = Debug|Any CPU
		{554DBCD6-F37E-4778-BD7D-B70B25F5335D}.Debug|x86.Build.0 = Debug|Any CPU
		{554DBCD6-F37E-4778-BD7D-B70B25F5335D}.Release|Any CPU.ActiveCfg = Release|Any CPU
		{554DBCD6-F37E-4778-BD7D-B70B25F5335D}.Release|Any CPU.Build.0 = Release|Any CPU
		{554DBCD6-F37E-4778-BD7D-B70B25F5335D}.Release|x64.ActiveCfg = Release|Any CPU
		{554DBCD6-F37E-4778-BD7D-B70B25F5335D}.Release|x64.Build.0 = Release|Any CPU
		{554DBCD6-F37E-4778-BD7D-B70B25F5335D}.Release|x86.ActiveCfg = Release|Any CPU
		{554DBCD6-F37E-4778-BD7D-B70B25F5335D}.Release|x86.Build.0 = Release|Any CPU
		{45485081-21CC-466E-B569-B16F9664085A}.Debug|Any CPU.ActiveCfg = Debug|Any CPU
		{45485081-21CC-466E-B569-B16F9664085A}.Debug|Any CPU.Build.0 = Debug|Any CPU
		{45485081-21CC-466E-B569-B16F9664085A}.Debug|x64.ActiveCfg = Debug|Any CPU
		{45485081-21CC-466E-B569-B16F9664085A}.Debug|x64.Build.0 = Debug|Any CPU
		{45485081-21CC-466E-B569-B16F9664085A}.Debug|x86.ActiveCfg = Debug|Any CPU
		{45485081-21CC-466E-B569-B16F9664085A}.Debug|x86.Build.0 = Debug|Any CPU
		{45485081-21CC-466E-B569-B16F9664085A}.Release|Any CPU.ActiveCfg = Release|Any CPU
		{45485081-21CC-466E-B569-B16F9664085A}.Release|Any CPU.Build.0 = Release|Any CPU
		{45485081-21CC-466E-B569-B16F9664085A}.Release|x64.ActiveCfg = Release|Any CPU
		{45485081-21CC-466E-B569-B16F9664085A}.Release|x64.Build.0 = Release|Any CPU
		{45485081-21CC-466E-B569-B16F9664085A}.Release|x86.ActiveCfg = Release|Any CPU
		{45485081-21CC-466E-B569-B16F9664085A}.Release|x86.Build.0 = Release|Any CPU
		{9D0A742D-59FC-43A7-9B1F-CEEEE230FBD5}.Debug|Any CPU.ActiveCfg = Debug|Any CPU
		{9D0A742D-59FC-43A7-9B1F-CEEEE230FBD5}.Debug|Any CPU.Build.0 = Debug|Any CPU
		{9D0A742D-59FC-43A7-9B1F-CEEEE230FBD5}.Debug|x64.ActiveCfg = Debug|Any CPU
		{9D0A742D-59FC-43A7-9B1F-CEEEE230FBD5}.Debug|x64.Build.0 = Debug|Any CPU
		{9D0A742D-59FC-43A7-9B1F-CEEEE230FBD5}.Debug|x86.ActiveCfg = Debug|Any CPU
		{9D0A742D-59FC-43A7-9B1F-CEEEE230FBD5}.Debug|x86.Build.0 = Debug|Any CPU
		{9D0A742D-59FC-43A7-9B1F-CEEEE230FBD5}.Release|Any CPU.ActiveCfg = Release|Any CPU
		{9D0A742D-59FC-43A7-9B1F-CEEEE230FBD5}.Release|Any CPU.Build.0 = Release|Any CPU
		{9D0A742D-59FC-43A7-9B1F-CEEEE230FBD5}.Release|x64.ActiveCfg = Release|Any CPU
		{9D0A742D-59FC-43A7-9B1F-CEEEE230FBD5}.Release|x64.Build.0 = Release|Any CPU
		{9D0A742D-59FC-43A7-9B1F-CEEEE230FBD5}.Release|x86.ActiveCfg = Release|Any CPU
		{9D0A742D-59FC-43A7-9B1F-CEEEE230FBD5}.Release|x86.Build.0 = Release|Any CPU
		{1F9EB12B-A305-47E3-8315-713ECFD73CC1}.Debug|Any CPU.ActiveCfg = Debug|Any CPU
		{1F9EB12B-A305-47E3-8315-713ECFD73CC1}.Debug|Any CPU.Build.0 = Debug|Any CPU
		{1F9EB12B-A305-47E3-8315-713ECFD73CC1}.Debug|x64.ActiveCfg = Debug|Any CPU
		{1F9EB12B-A305-47E3-8315-713ECFD73CC1}.Debug|x64.Build.0 = Debug|Any CPU
		{1F9EB12B-A305-47E3-8315-713ECFD73CC1}.Debug|x86.ActiveCfg = Debug|Any CPU
		{1F9EB12B-A305-47E3-8315-713ECFD73CC1}.Debug|x86.Build.0 = Debug|Any CPU
		{1F9EB12B-A305-47E3-8315-713ECFD73CC1}.Release|Any CPU.ActiveCfg = Release|Any CPU
		{1F9EB12B-A305-47E3-8315-713ECFD73CC1}.Release|Any CPU.Build.0 = Release|Any CPU
		{1F9EB12B-A305-47E3-8315-713ECFD73CC1}.Release|x64.ActiveCfg = Release|Any CPU
		{1F9EB12B-A305-47E3-8315-713ECFD73CC1}.Release|x64.Build.0 = Release|Any CPU
		{1F9EB12B-A305-47E3-8315-713ECFD73CC1}.Release|x86.ActiveCfg = Release|Any CPU
		{1F9EB12B-A305-47E3-8315-713ECFD73CC1}.Release|x86.Build.0 = Release|Any CPU
		{C6D625A5-7101-4F9A-B8B4-3BDFB28925C5}.Debug|Any CPU.ActiveCfg = Debug|Any CPU
		{C6D625A5-7101-4F9A-B8B4-3BDFB28925C5}.Debug|Any CPU.Build.0 = Debug|Any CPU
		{C6D625A5-7101-4F9A-B8B4-3BDFB28925C5}.Debug|x64.ActiveCfg = Debug|Any CPU
		{C6D625A5-7101-4F9A-B8B4-3BDFB28925C5}.Debug|x64.Build.0 = Debug|Any CPU
		{C6D625A5-7101-4F9A-B8B4-3BDFB28925C5}.Debug|x86.ActiveCfg = Debug|Any CPU
		{C6D625A5-7101-4F9A-B8B4-3BDFB28925C5}.Debug|x86.Build.0 = Debug|Any CPU
		{C6D625A5-7101-4F9A-B8B4-3BDFB28925C5}.Release|Any CPU.ActiveCfg = Release|Any CPU
		{C6D625A5-7101-4F9A-B8B4-3BDFB28925C5}.Release|Any CPU.Build.0 = Release|Any CPU
		{C6D625A5-7101-4F9A-B8B4-3BDFB28925C5}.Release|x64.ActiveCfg = Release|Any CPU
		{C6D625A5-7101-4F9A-B8B4-3BDFB28925C5}.Release|x64.Build.0 = Release|Any CPU
		{C6D625A5-7101-4F9A-B8B4-3BDFB28925C5}.Release|x86.ActiveCfg = Release|Any CPU
		{C6D625A5-7101-4F9A-B8B4-3BDFB28925C5}.Release|x86.Build.0 = Release|Any CPU
		{19D633BD-D318-4D63-9B82-9826506B6F59}.Debug|Any CPU.ActiveCfg = Debug|Any CPU
		{19D633BD-D318-4D63-9B82-9826506B6F59}.Debug|Any CPU.Build.0 = Debug|Any CPU
		{19D633BD-D318-4D63-9B82-9826506B6F59}.Debug|x64.ActiveCfg = Debug|Any CPU
		{19D633BD-D318-4D63-9B82-9826506B6F59}.Debug|x64.Build.0 = Debug|Any CPU
		{19D633BD-D318-4D63-9B82-9826506B6F59}.Debug|x86.ActiveCfg = Debug|Any CPU
		{19D633BD-D318-4D63-9B82-9826506B6F59}.Debug|x86.Build.0 = Debug|Any CPU
		{19D633BD-D318-4D63-9B82-9826506B6F59}.Release|Any CPU.ActiveCfg = Release|Any CPU
		{19D633BD-D318-4D63-9B82-9826506B6F59}.Release|Any CPU.Build.0 = Release|Any CPU
		{19D633BD-D318-4D63-9B82-9826506B6F59}.Release|x64.ActiveCfg = Release|Any CPU
		{19D633BD-D318-4D63-9B82-9826506B6F59}.Release|x64.Build.0 = Release|Any CPU
		{19D633BD-D318-4D63-9B82-9826506B6F59}.Release|x86.ActiveCfg = Release|Any CPU
		{19D633BD-D318-4D63-9B82-9826506B6F59}.Release|x86.Build.0 = Release|Any CPU
		{D56A46AE-63D2-430D-A032-0A7D65DE9061}.Debug|Any CPU.ActiveCfg = Debug|Any CPU
		{D56A46AE-63D2-430D-A032-0A7D65DE9061}.Debug|Any CPU.Build.0 = Debug|Any CPU
		{D56A46AE-63D2-430D-A032-0A7D65DE9061}.Debug|x64.ActiveCfg = Debug|Any CPU
		{D56A46AE-63D2-430D-A032-0A7D65DE9061}.Debug|x64.Build.0 = Debug|Any CPU
		{D56A46AE-63D2-430D-A032-0A7D65DE9061}.Debug|x86.ActiveCfg = Debug|Any CPU
		{D56A46AE-63D2-430D-A032-0A7D65DE9061}.Debug|x86.Build.0 = Debug|Any CPU
		{D56A46AE-63D2-430D-A032-0A7D65DE9061}.Release|Any CPU.ActiveCfg = Release|Any CPU
		{D56A46AE-63D2-430D-A032-0A7D65DE9061}.Release|Any CPU.Build.0 = Release|Any CPU
		{D56A46AE-63D2-430D-A032-0A7D65DE9061}.Release|x64.ActiveCfg = Release|Any CPU
		{D56A46AE-63D2-430D-A032-0A7D65DE9061}.Release|x64.Build.0 = Release|Any CPU
		{D56A46AE-63D2-430D-A032-0A7D65DE9061}.Release|x86.ActiveCfg = Release|Any CPU
		{D56A46AE-63D2-430D-A032-0A7D65DE9061}.Release|x86.Build.0 = Release|Any CPU
		{9874FB75-F386-45AC-876A-FF323668FB9F}.Debug|Any CPU.ActiveCfg = Debug|Any CPU
		{9874FB75-F386-45AC-876A-FF323668FB9F}.Debug|Any CPU.Build.0 = Debug|Any CPU
		{9874FB75-F386-45AC-876A-FF323668FB9F}.Debug|x64.ActiveCfg = Debug|Any CPU
		{9874FB75-F386-45AC-876A-FF323668FB9F}.Debug|x64.Build.0 = Debug|Any CPU
		{9874FB75-F386-45AC-876A-FF323668FB9F}.Debug|x86.ActiveCfg = Debug|Any CPU
		{9874FB75-F386-45AC-876A-FF323668FB9F}.Debug|x86.Build.0 = Debug|Any CPU
		{9874FB75-F386-45AC-876A-FF323668FB9F}.Release|Any CPU.ActiveCfg = Release|Any CPU
		{9874FB75-F386-45AC-876A-FF323668FB9F}.Release|Any CPU.Build.0 = Release|Any CPU
		{9874FB75-F386-45AC-876A-FF323668FB9F}.Release|x64.ActiveCfg = Release|Any CPU
		{9874FB75-F386-45AC-876A-FF323668FB9F}.Release|x64.Build.0 = Release|Any CPU
		{9874FB75-F386-45AC-876A-FF323668FB9F}.Release|x86.ActiveCfg = Release|Any CPU
		{9874FB75-F386-45AC-876A-FF323668FB9F}.Release|x86.Build.0 = Release|Any CPU
		{4AE31568-AE10-4A33-9EEE-876FC6DFF047}.Debug|Any CPU.ActiveCfg = Debug|Any CPU
		{4AE31568-AE10-4A33-9EEE-876FC6DFF047}.Debug|Any CPU.Build.0 = Debug|Any CPU
		{4AE31568-AE10-4A33-9EEE-876FC6DFF047}.Debug|x64.ActiveCfg = Debug|Any CPU
		{4AE31568-AE10-4A33-9EEE-876FC6DFF047}.Debug|x64.Build.0 = Debug|Any CPU
		{4AE31568-AE10-4A33-9EEE-876FC6DFF047}.Debug|x86.ActiveCfg = Debug|Any CPU
		{4AE31568-AE10-4A33-9EEE-876FC6DFF047}.Debug|x86.Build.0 = Debug|Any CPU
		{4AE31568-AE10-4A33-9EEE-876FC6DFF047}.Release|Any CPU.ActiveCfg = Release|Any CPU
		{4AE31568-AE10-4A33-9EEE-876FC6DFF047}.Release|Any CPU.Build.0 = Release|Any CPU
		{4AE31568-AE10-4A33-9EEE-876FC6DFF047}.Release|x64.ActiveCfg = Release|Any CPU
		{4AE31568-AE10-4A33-9EEE-876FC6DFF047}.Release|x64.Build.0 = Release|Any CPU
		{4AE31568-AE10-4A33-9EEE-876FC6DFF047}.Release|x86.ActiveCfg = Release|Any CPU
		{4AE31568-AE10-4A33-9EEE-876FC6DFF047}.Release|x86.Build.0 = Release|Any CPU
		{BFDB0BE7-A622-451E-9524-8CA5982E945C}.Debug|Any CPU.ActiveCfg = Debug|Any CPU
		{BFDB0BE7-A622-451E-9524-8CA5982E945C}.Debug|Any CPU.Build.0 = Debug|Any CPU
		{BFDB0BE7-A622-451E-9524-8CA5982E945C}.Debug|x64.ActiveCfg = Debug|Any CPU
		{BFDB0BE7-A622-451E-9524-8CA5982E945C}.Debug|x64.Build.0 = Debug|Any CPU
		{BFDB0BE7-A622-451E-9524-8CA5982E945C}.Debug|x86.ActiveCfg = Debug|Any CPU
		{BFDB0BE7-A622-451E-9524-8CA5982E945C}.Debug|x86.Build.0 = Debug|Any CPU
		{BFDB0BE7-A622-451E-9524-8CA5982E945C}.Release|Any CPU.ActiveCfg = Release|Any CPU
		{BFDB0BE7-A622-451E-9524-8CA5982E945C}.Release|Any CPU.Build.0 = Release|Any CPU
		{BFDB0BE7-A622-451E-9524-8CA5982E945C}.Release|x64.ActiveCfg = Release|Any CPU
		{BFDB0BE7-A622-451E-9524-8CA5982E945C}.Release|x64.Build.0 = Release|Any CPU
		{BFDB0BE7-A622-451E-9524-8CA5982E945C}.Release|x86.ActiveCfg = Release|Any CPU
		{BFDB0BE7-A622-451E-9524-8CA5982E945C}.Release|x86.Build.0 = Release|Any CPU
		{0598CA0D-89BB-47D7-9430-27B7949A24DC}.Debug|Any CPU.ActiveCfg = Debug|Any CPU
		{0598CA0D-89BB-47D7-9430-27B7949A24DC}.Debug|Any CPU.Build.0 = Debug|Any CPU
		{0598CA0D-89BB-47D7-9430-27B7949A24DC}.Debug|x64.ActiveCfg = Debug|Any CPU
		{0598CA0D-89BB-47D7-9430-27B7949A24DC}.Debug|x64.Build.0 = Debug|Any CPU
		{0598CA0D-89BB-47D7-9430-27B7949A24DC}.Debug|x86.ActiveCfg = Debug|Any CPU
		{0598CA0D-89BB-47D7-9430-27B7949A24DC}.Debug|x86.Build.0 = Debug|Any CPU
		{0598CA0D-89BB-47D7-9430-27B7949A24DC}.Release|Any CPU.ActiveCfg = Release|Any CPU
		{0598CA0D-89BB-47D7-9430-27B7949A24DC}.Release|Any CPU.Build.0 = Release|Any CPU
		{0598CA0D-89BB-47D7-9430-27B7949A24DC}.Release|x64.ActiveCfg = Release|Any CPU
		{0598CA0D-89BB-47D7-9430-27B7949A24DC}.Release|x64.Build.0 = Release|Any CPU
		{0598CA0D-89BB-47D7-9430-27B7949A24DC}.Release|x86.ActiveCfg = Release|Any CPU
		{0598CA0D-89BB-47D7-9430-27B7949A24DC}.Release|x86.Build.0 = Release|Any CPU
		{9D89BD65-1799-4EDE-84DF-6B5A9AE1D10F}.Debug|Any CPU.ActiveCfg = Debug|Any CPU
		{9D89BD65-1799-4EDE-84DF-6B5A9AE1D10F}.Debug|Any CPU.Build.0 = Debug|Any CPU
		{9D89BD65-1799-4EDE-84DF-6B5A9AE1D10F}.Debug|x64.ActiveCfg = Debug|Any CPU
		{9D89BD65-1799-4EDE-84DF-6B5A9AE1D10F}.Debug|x64.Build.0 = Debug|Any CPU
		{9D89BD65-1799-4EDE-84DF-6B5A9AE1D10F}.Debug|x86.ActiveCfg = Debug|Any CPU
		{9D89BD65-1799-4EDE-84DF-6B5A9AE1D10F}.Debug|x86.Build.0 = Debug|Any CPU
		{9D89BD65-1799-4EDE-84DF-6B5A9AE1D10F}.Release|Any CPU.ActiveCfg = Release|Any CPU
		{9D89BD65-1799-4EDE-84DF-6B5A9AE1D10F}.Release|Any CPU.Build.0 = Release|Any CPU
		{9D89BD65-1799-4EDE-84DF-6B5A9AE1D10F}.Release|x64.ActiveCfg = Release|Any CPU
		{9D89BD65-1799-4EDE-84DF-6B5A9AE1D10F}.Release|x64.Build.0 = Release|Any CPU
		{9D89BD65-1799-4EDE-84DF-6B5A9AE1D10F}.Release|x86.ActiveCfg = Release|Any CPU
		{9D89BD65-1799-4EDE-84DF-6B5A9AE1D10F}.Release|x86.Build.0 = Release|Any CPU
		{060501D7-FB1C-496D-9F3E-D1F850A52590}.Debug|Any CPU.ActiveCfg = Debug|Any CPU
		{060501D7-FB1C-496D-9F3E-D1F850A52590}.Debug|Any CPU.Build.0 = Debug|Any CPU
		{060501D7-FB1C-496D-9F3E-D1F850A52590}.Debug|x64.ActiveCfg = Debug|Any CPU
		{060501D7-FB1C-496D-9F3E-D1F850A52590}.Debug|x64.Build.0 = Debug|Any CPU
		{060501D7-FB1C-496D-9F3E-D1F850A52590}.Debug|x86.ActiveCfg = Debug|Any CPU
		{060501D7-FB1C-496D-9F3E-D1F850A52590}.Debug|x86.Build.0 = Debug|Any CPU
		{060501D7-FB1C-496D-9F3E-D1F850A52590}.Release|Any CPU.ActiveCfg = Release|Any CPU
		{060501D7-FB1C-496D-9F3E-D1F850A52590}.Release|Any CPU.Build.0 = Release|Any CPU
		{060501D7-FB1C-496D-9F3E-D1F850A52590}.Release|x64.ActiveCfg = Release|Any CPU
		{060501D7-FB1C-496D-9F3E-D1F850A52590}.Release|x64.Build.0 = Release|Any CPU
		{060501D7-FB1C-496D-9F3E-D1F850A52590}.Release|x86.ActiveCfg = Release|Any CPU
		{060501D7-FB1C-496D-9F3E-D1F850A52590}.Release|x86.Build.0 = Release|Any CPU
		{B1FB99D5-591D-4DA9-A26A-A1A31F6960F4}.Debug|Any CPU.ActiveCfg = Debug|Any CPU
		{B1FB99D5-591D-4DA9-A26A-A1A31F6960F4}.Debug|Any CPU.Build.0 = Debug|Any CPU
		{B1FB99D5-591D-4DA9-A26A-A1A31F6960F4}.Debug|x64.ActiveCfg = Debug|Any CPU
		{B1FB99D5-591D-4DA9-A26A-A1A31F6960F4}.Debug|x64.Build.0 = Debug|Any CPU
		{B1FB99D5-591D-4DA9-A26A-A1A31F6960F4}.Debug|x86.ActiveCfg = Debug|Any CPU
		{B1FB99D5-591D-4DA9-A26A-A1A31F6960F4}.Debug|x86.Build.0 = Debug|Any CPU
		{B1FB99D5-591D-4DA9-A26A-A1A31F6960F4}.Release|Any CPU.ActiveCfg = Release|Any CPU
		{B1FB99D5-591D-4DA9-A26A-A1A31F6960F4}.Release|Any CPU.Build.0 = Release|Any CPU
		{B1FB99D5-591D-4DA9-A26A-A1A31F6960F4}.Release|x64.ActiveCfg = Release|Any CPU
		{B1FB99D5-591D-4DA9-A26A-A1A31F6960F4}.Release|x64.Build.0 = Release|Any CPU
		{B1FB99D5-591D-4DA9-A26A-A1A31F6960F4}.Release|x86.ActiveCfg = Release|Any CPU
		{B1FB99D5-591D-4DA9-A26A-A1A31F6960F4}.Release|x86.Build.0 = Release|Any CPU
		{3C8C5F6F-13CC-4620-B42E-2963F4137966}.Debug|Any CPU.ActiveCfg = Debug|Any CPU
		{3C8C5F6F-13CC-4620-B42E-2963F4137966}.Debug|Any CPU.Build.0 = Debug|Any CPU
		{3C8C5F6F-13CC-4620-B42E-2963F4137966}.Debug|x64.ActiveCfg = Debug|Any CPU
		{3C8C5F6F-13CC-4620-B42E-2963F4137966}.Debug|x64.Build.0 = Debug|Any CPU
		{3C8C5F6F-13CC-4620-B42E-2963F4137966}.Debug|x86.ActiveCfg = Debug|Any CPU
		{3C8C5F6F-13CC-4620-B42E-2963F4137966}.Debug|x86.Build.0 = Debug|Any CPU
		{3C8C5F6F-13CC-4620-B42E-2963F4137966}.Release|Any CPU.ActiveCfg = Release|Any CPU
		{3C8C5F6F-13CC-4620-B42E-2963F4137966}.Release|Any CPU.Build.0 = Release|Any CPU
		{3C8C5F6F-13CC-4620-B42E-2963F4137966}.Release|x64.ActiveCfg = Release|Any CPU
		{3C8C5F6F-13CC-4620-B42E-2963F4137966}.Release|x64.Build.0 = Release|Any CPU
		{3C8C5F6F-13CC-4620-B42E-2963F4137966}.Release|x86.ActiveCfg = Release|Any CPU
		{3C8C5F6F-13CC-4620-B42E-2963F4137966}.Release|x86.Build.0 = Release|Any CPU
		{E732C21B-0298-476C-81D3-9C949DF3AB76}.Debug|Any CPU.ActiveCfg = Debug|Any CPU
		{E732C21B-0298-476C-81D3-9C949DF3AB76}.Debug|Any CPU.Build.0 = Debug|Any CPU
		{E732C21B-0298-476C-81D3-9C949DF3AB76}.Debug|x64.ActiveCfg = Debug|Any CPU
		{E732C21B-0298-476C-81D3-9C949DF3AB76}.Debug|x64.Build.0 = Debug|Any CPU
		{E732C21B-0298-476C-81D3-9C949DF3AB76}.Debug|x86.ActiveCfg = Debug|Any CPU
		{E732C21B-0298-476C-81D3-9C949DF3AB76}.Debug|x86.Build.0 = Debug|Any CPU
		{E732C21B-0298-476C-81D3-9C949DF3AB76}.Release|Any CPU.ActiveCfg = Release|Any CPU
		{E732C21B-0298-476C-81D3-9C949DF3AB76}.Release|Any CPU.Build.0 = Release|Any CPU
		{E732C21B-0298-476C-81D3-9C949DF3AB76}.Release|x64.ActiveCfg = Release|Any CPU
		{E732C21B-0298-476C-81D3-9C949DF3AB76}.Release|x64.Build.0 = Release|Any CPU
		{E732C21B-0298-476C-81D3-9C949DF3AB76}.Release|x86.ActiveCfg = Release|Any CPU
		{E732C21B-0298-476C-81D3-9C949DF3AB76}.Release|x86.Build.0 = Release|Any CPU
		{7CFE1DD0-4095-4A6F-8F48-F2835A601E2C}.Debug|Any CPU.ActiveCfg = Debug|Any CPU
		{7CFE1DD0-4095-4A6F-8F48-F2835A601E2C}.Debug|Any CPU.Build.0 = Debug|Any CPU
		{7CFE1DD0-4095-4A6F-8F48-F2835A601E2C}.Debug|x64.ActiveCfg = Debug|Any CPU
		{7CFE1DD0-4095-4A6F-8F48-F2835A601E2C}.Debug|x64.Build.0 = Debug|Any CPU
		{7CFE1DD0-4095-4A6F-8F48-F2835A601E2C}.Debug|x86.ActiveCfg = Debug|Any CPU
		{7CFE1DD0-4095-4A6F-8F48-F2835A601E2C}.Debug|x86.Build.0 = Debug|Any CPU
		{7CFE1DD0-4095-4A6F-8F48-F2835A601E2C}.Release|Any CPU.ActiveCfg = Release|Any CPU
		{7CFE1DD0-4095-4A6F-8F48-F2835A601E2C}.Release|Any CPU.Build.0 = Release|Any CPU
		{7CFE1DD0-4095-4A6F-8F48-F2835A601E2C}.Release|x64.ActiveCfg = Release|Any CPU
		{7CFE1DD0-4095-4A6F-8F48-F2835A601E2C}.Release|x64.Build.0 = Release|Any CPU
		{7CFE1DD0-4095-4A6F-8F48-F2835A601E2C}.Release|x86.ActiveCfg = Release|Any CPU
		{7CFE1DD0-4095-4A6F-8F48-F2835A601E2C}.Release|x86.Build.0 = Release|Any CPU
		{552CEFB6-F137-447F-BC86-2DC3D0544D3C}.Debug|Any CPU.ActiveCfg = Debug|Any CPU
		{552CEFB6-F137-447F-BC86-2DC3D0544D3C}.Debug|Any CPU.Build.0 = Debug|Any CPU
		{552CEFB6-F137-447F-BC86-2DC3D0544D3C}.Debug|x64.ActiveCfg = Debug|Any CPU
		{552CEFB6-F137-447F-BC86-2DC3D0544D3C}.Debug|x64.Build.0 = Debug|Any CPU
		{552CEFB6-F137-447F-BC86-2DC3D0544D3C}.Debug|x86.ActiveCfg = Debug|Any CPU
		{552CEFB6-F137-447F-BC86-2DC3D0544D3C}.Debug|x86.Build.0 = Debug|Any CPU
		{552CEFB6-F137-447F-BC86-2DC3D0544D3C}.Release|Any CPU.ActiveCfg = Release|Any CPU
		{552CEFB6-F137-447F-BC86-2DC3D0544D3C}.Release|Any CPU.Build.0 = Release|Any CPU
		{552CEFB6-F137-447F-BC86-2DC3D0544D3C}.Release|x64.ActiveCfg = Release|Any CPU
		{552CEFB6-F137-447F-BC86-2DC3D0544D3C}.Release|x64.Build.0 = Release|Any CPU
		{552CEFB6-F137-447F-BC86-2DC3D0544D3C}.Release|x86.ActiveCfg = Release|Any CPU
		{552CEFB6-F137-447F-BC86-2DC3D0544D3C}.Release|x86.Build.0 = Release|Any CPU
		{21DA664D-D897-46AE-B2B9-0295A302BB04}.Debug|Any CPU.ActiveCfg = Debug|Any CPU
		{21DA664D-D897-46AE-B2B9-0295A302BB04}.Debug|Any CPU.Build.0 = Debug|Any CPU
		{21DA664D-D897-46AE-B2B9-0295A302BB04}.Debug|x64.ActiveCfg = Debug|Any CPU
		{21DA664D-D897-46AE-B2B9-0295A302BB04}.Debug|x64.Build.0 = Debug|Any CPU
		{21DA664D-D897-46AE-B2B9-0295A302BB04}.Debug|x86.ActiveCfg = Debug|Any CPU
		{21DA664D-D897-46AE-B2B9-0295A302BB04}.Debug|x86.Build.0 = Debug|Any CPU
		{21DA664D-D897-46AE-B2B9-0295A302BB04}.Release|Any CPU.ActiveCfg = Release|Any CPU
		{21DA664D-D897-46AE-B2B9-0295A302BB04}.Release|Any CPU.Build.0 = Release|Any CPU
		{21DA664D-D897-46AE-B2B9-0295A302BB04}.Release|x64.ActiveCfg = Release|Any CPU
		{21DA664D-D897-46AE-B2B9-0295A302BB04}.Release|x64.Build.0 = Release|Any CPU
		{21DA664D-D897-46AE-B2B9-0295A302BB04}.Release|x86.ActiveCfg = Release|Any CPU
		{21DA664D-D897-46AE-B2B9-0295A302BB04}.Release|x86.Build.0 = Release|Any CPU
		{A8692C48-F9B9-4519-AB82-651136396985}.Debug|Any CPU.ActiveCfg = Debug|Any CPU
		{A8692C48-F9B9-4519-AB82-651136396985}.Debug|Any CPU.Build.0 = Debug|Any CPU
		{A8692C48-F9B9-4519-AB82-651136396985}.Debug|x64.ActiveCfg = Debug|Any CPU
		{A8692C48-F9B9-4519-AB82-651136396985}.Debug|x64.Build.0 = Debug|Any CPU
		{A8692C48-F9B9-4519-AB82-651136396985}.Debug|x86.ActiveCfg = Debug|Any CPU
		{A8692C48-F9B9-4519-AB82-651136396985}.Debug|x86.Build.0 = Debug|Any CPU
		{A8692C48-F9B9-4519-AB82-651136396985}.Release|Any CPU.ActiveCfg = Release|Any CPU
		{A8692C48-F9B9-4519-AB82-651136396985}.Release|Any CPU.Build.0 = Release|Any CPU
		{A8692C48-F9B9-4519-AB82-651136396985}.Release|x64.ActiveCfg = Release|Any CPU
		{A8692C48-F9B9-4519-AB82-651136396985}.Release|x64.Build.0 = Release|Any CPU
		{A8692C48-F9B9-4519-AB82-651136396985}.Release|x86.ActiveCfg = Release|Any CPU
		{A8692C48-F9B9-4519-AB82-651136396985}.Release|x86.Build.0 = Release|Any CPU
		{9034659C-1EFE-427E-A6CC-3E69E88EE675}.Debug|Any CPU.ActiveCfg = Debug|Any CPU
		{9034659C-1EFE-427E-A6CC-3E69E88EE675}.Debug|Any CPU.Build.0 = Debug|Any CPU
		{9034659C-1EFE-427E-A6CC-3E69E88EE675}.Debug|x64.ActiveCfg = Debug|Any CPU
		{9034659C-1EFE-427E-A6CC-3E69E88EE675}.Debug|x64.Build.0 = Debug|Any CPU
		{9034659C-1EFE-427E-A6CC-3E69E88EE675}.Debug|x86.ActiveCfg = Debug|Any CPU
		{9034659C-1EFE-427E-A6CC-3E69E88EE675}.Debug|x86.Build.0 = Debug|Any CPU
		{9034659C-1EFE-427E-A6CC-3E69E88EE675}.Release|Any CPU.ActiveCfg = Release|Any CPU
		{9034659C-1EFE-427E-A6CC-3E69E88EE675}.Release|Any CPU.Build.0 = Release|Any CPU
		{9034659C-1EFE-427E-A6CC-3E69E88EE675}.Release|x64.ActiveCfg = Release|Any CPU
		{9034659C-1EFE-427E-A6CC-3E69E88EE675}.Release|x64.Build.0 = Release|Any CPU
		{9034659C-1EFE-427E-A6CC-3E69E88EE675}.Release|x86.ActiveCfg = Release|Any CPU
		{9034659C-1EFE-427E-A6CC-3E69E88EE675}.Release|x86.Build.0 = Release|Any CPU
		{8B51C781-7C93-4641-B235-CDA89F73524C}.Debug|Any CPU.ActiveCfg = Debug|Any CPU
		{8B51C781-7C93-4641-B235-CDA89F73524C}.Debug|Any CPU.Build.0 = Debug|Any CPU
		{8B51C781-7C93-4641-B235-CDA89F73524C}.Debug|x64.ActiveCfg = Debug|Any CPU
		{8B51C781-7C93-4641-B235-CDA89F73524C}.Debug|x64.Build.0 = Debug|Any CPU
		{8B51C781-7C93-4641-B235-CDA89F73524C}.Debug|x86.ActiveCfg = Debug|Any CPU
		{8B51C781-7C93-4641-B235-CDA89F73524C}.Debug|x86.Build.0 = Debug|Any CPU
		{8B51C781-7C93-4641-B235-CDA89F73524C}.Release|Any CPU.ActiveCfg = Release|Any CPU
		{8B51C781-7C93-4641-B235-CDA89F73524C}.Release|Any CPU.Build.0 = Release|Any CPU
		{8B51C781-7C93-4641-B235-CDA89F73524C}.Release|x64.ActiveCfg = Release|Any CPU
		{8B51C781-7C93-4641-B235-CDA89F73524C}.Release|x64.Build.0 = Release|Any CPU
		{8B51C781-7C93-4641-B235-CDA89F73524C}.Release|x86.ActiveCfg = Release|Any CPU
		{8B51C781-7C93-4641-B235-CDA89F73524C}.Release|x86.Build.0 = Release|Any CPU
		{B8F178D8-48D8-4CA7-830E-7712F49BE859}.Debug|Any CPU.ActiveCfg = Debug|Any CPU
		{B8F178D8-48D8-4CA7-830E-7712F49BE859}.Debug|Any CPU.Build.0 = Debug|Any CPU
		{B8F178D8-48D8-4CA7-830E-7712F49BE859}.Debug|x64.ActiveCfg = Debug|Any CPU
		{B8F178D8-48D8-4CA7-830E-7712F49BE859}.Debug|x64.Build.0 = Debug|Any CPU
		{B8F178D8-48D8-4CA7-830E-7712F49BE859}.Debug|x86.ActiveCfg = Debug|Any CPU
		{B8F178D8-48D8-4CA7-830E-7712F49BE859}.Debug|x86.Build.0 = Debug|Any CPU
		{B8F178D8-48D8-4CA7-830E-7712F49BE859}.Release|Any CPU.ActiveCfg = Release|Any CPU
		{B8F178D8-48D8-4CA7-830E-7712F49BE859}.Release|Any CPU.Build.0 = Release|Any CPU
		{B8F178D8-48D8-4CA7-830E-7712F49BE859}.Release|x64.ActiveCfg = Release|Any CPU
		{B8F178D8-48D8-4CA7-830E-7712F49BE859}.Release|x64.Build.0 = Release|Any CPU
		{B8F178D8-48D8-4CA7-830E-7712F49BE859}.Release|x86.ActiveCfg = Release|Any CPU
		{B8F178D8-48D8-4CA7-830E-7712F49BE859}.Release|x86.Build.0 = Release|Any CPU
	EndGlobalSection
	GlobalSection(SolutionProperties) = preSolution
		HideSolutionNode = FALSE
	EndGlobalSection
	GlobalSection(NestedProjects) = preSolution
		{3287C5A0-3A02-4537-9796-9A6EF85D5BB8} = {CF067A80-FFC4-4177-BD0F-F781B7CAFD03}
		{A786BD91-727B-4EA2-8BC6-70DF14487086} = {3287C5A0-3A02-4537-9796-9A6EF85D5BB8}
		{9BDF25F6-7D01-4852-8776-58DB757307D2} = {3287C5A0-3A02-4537-9796-9A6EF85D5BB8}
		{773F8532-99CE-48A6-8E46-59D214FEDE64} = {3287C5A0-3A02-4537-9796-9A6EF85D5BB8}
		{9C6B5EA9-EC61-44B8-A8C5-8860F8521240} = {CF067A80-FFC4-4177-BD0F-F781B7CAFD03}
		{4FCAE55F-3D99-4A88-A6C9-EA2A0EB261D9} = {9C6B5EA9-EC61-44B8-A8C5-8860F8521240}
		{97008337-A6FA-4CF9-8612-802920587644} = {9C6B5EA9-EC61-44B8-A8C5-8860F8521240}
		{08DE35EE-D4C6-4138-9AF1-69DAC1F59159} = {9C6B5EA9-EC61-44B8-A8C5-8860F8521240}
		{1BF52D53-3F23-43DB-97A9-69D64C167885} = {9C6B5EA9-EC61-44B8-A8C5-8860F8521240}
		{A374BC63-9981-4EB5-82A9-3FCEF3E7AD6A} = {9C6B5EA9-EC61-44B8-A8C5-8860F8521240}
		{66990E0C-4891-4DB6-BAA1-A5435C389579} = {A374BC63-9981-4EB5-82A9-3FCEF3E7AD6A}
		{4BF1AC1F-98DC-4947-9090-4E3014B79C39} = {9C6B5EA9-EC61-44B8-A8C5-8860F8521240}
		{E6204243-145F-40C0-BA41-4C91C8E86162} = {4BF1AC1F-98DC-4947-9090-4E3014B79C39}
		{2551B5B2-0D4E-41E3-8A29-C3DF19AEDACF} = {4BF1AC1F-98DC-4947-9090-4E3014B79C39}
		{4DFFCEF3-833C-4617-A00B-1C1ABC8E2689} = {CF067A80-FFC4-4177-BD0F-F781B7CAFD03}
		{5BFB776B-D527-47C1-A2DE-621882D0D27B} = {4DFFCEF3-833C-4617-A00B-1C1ABC8E2689}
		{3E12EA9D-F35C-48E6-A723-567C2EE640A5} = {4DFFCEF3-833C-4617-A00B-1C1ABC8E2689}
		{2DAEE306-59C7-41E4-8BAB-2392682DCB83} = {3E12EA9D-F35C-48E6-A723-567C2EE640A5}
		{554DBCD6-F37E-4778-BD7D-B70B25F5335D} = {3E12EA9D-F35C-48E6-A723-567C2EE640A5}
		{45485081-21CC-466E-B569-B16F9664085A} = {3E12EA9D-F35C-48E6-A723-567C2EE640A5}
		{78F9740D-C558-4DA0-8D90-C5571BE90E35} = {CF067A80-FFC4-4177-BD0F-F781B7CAFD03}
		{9D0A742D-59FC-43A7-9B1F-CEEEE230FBD5} = {78F9740D-C558-4DA0-8D90-C5571BE90E35}
		{1F9EB12B-A305-47E3-8315-713ECFD73CC1} = {22C4A86D-ED52-4017-A0D3-1D9900181361}
		{C6D625A5-7101-4F9A-B8B4-3BDFB28925C5} = {22C4A86D-ED52-4017-A0D3-1D9900181361}
		{19D633BD-D318-4D63-9B82-9826506B6F59} = {4BF1AC1F-98DC-4947-9090-4E3014B79C39}
		{D56A46AE-63D2-430D-A032-0A7D65DE9061} = {4BF1AC1F-98DC-4947-9090-4E3014B79C39}
		{9874FB75-F386-45AC-876A-FF323668FB9F} = {4BF1AC1F-98DC-4947-9090-4E3014B79C39}
		{4AE31568-AE10-4A33-9EEE-876FC6DFF047} = {4BF1AC1F-98DC-4947-9090-4E3014B79C39}
		{BFDB0BE7-A622-451E-9524-8CA5982E945C} = {4BF1AC1F-98DC-4947-9090-4E3014B79C39}
		{0598CA0D-89BB-47D7-9430-27B7949A24DC} = {4BF1AC1F-98DC-4947-9090-4E3014B79C39}
		{9D89BD65-1799-4EDE-84DF-6B5A9AE1D10F} = {4BF1AC1F-98DC-4947-9090-4E3014B79C39}
		{060501D7-FB1C-496D-9F3E-D1F850A52590} = {4BF1AC1F-98DC-4947-9090-4E3014B79C39}
		{B1FB99D5-591D-4DA9-A26A-A1A31F6960F4} = {4BF1AC1F-98DC-4947-9090-4E3014B79C39}
		{3C8C5F6F-13CC-4620-B42E-2963F4137966} = {4BF1AC1F-98DC-4947-9090-4E3014B79C39}
		{E732C21B-0298-476C-81D3-9C949DF3AB76} = {4BF1AC1F-98DC-4947-9090-4E3014B79C39}
		{7CFE1DD0-4095-4A6F-8F48-F2835A601E2C} = {4BF1AC1F-98DC-4947-9090-4E3014B79C39}
		{552CEFB6-F137-447F-BC86-2DC3D0544D3C} = {4BF1AC1F-98DC-4947-9090-4E3014B79C39}
		{21DA664D-D897-46AE-B2B9-0295A302BB04} = {4BF1AC1F-98DC-4947-9090-4E3014B79C39}
		{A8692C48-F9B9-4519-AB82-651136396985} = {22C4A86D-ED52-4017-A0D3-1D9900181361}
		{9034659C-1EFE-427E-A6CC-3E69E88EE675} = {3E12EA9D-F35C-48E6-A723-567C2EE640A5}
		{8B51C781-7C93-4641-B235-CDA89F73524C} = {22C4A86D-ED52-4017-A0D3-1D9900181361}
		{B8F178D8-48D8-4CA7-830E-7712F49BE859} = {3E12EA9D-F35C-48E6-A723-567C2EE640A5}
	EndGlobalSection
	GlobalSection(ExtensibilityGlobals) = postSolution
		SolutionGuid = {355CB5C8-D2DD-40E0-A8DF-3AF9C767572B}
	EndGlobalSection
EndGlobal
